# This file was autogenerated by uv via the following command:
#    uv pip compile requirements.txt -o uv.lock
annotated-types==0.7.0
    # via pydantic
anyio==4.9.0
    # via
    #   httpx
    #   mcp
    #   sse-starlette
    #   starlette
certifi==2025.1.31
    # via
    #   httpcore
    #   httpx
click==8.1.8
    # via uvicorn
h11==0.14.0
    # via
    #   httpcore
    #   uvicorn
httpcore==1.0.7
    # via httpx
httpx==0.28.1
    # via mcp
httpx-sse==0.4.0
    # via mcp
idna==3.10
    # via
    #   anyio
    #   httpx
mcp==1.5.0
    # via -r requirements.txt
psycopg2-binary==2.9.10
    # via -r requirements.txt
pydantic==2.10.6
    # via
    #   -r requirements.txt
    #   mcp
    #   pydantic-settings
pydantic-core==2.27.2
    # via pydantic
pydantic-settings==2.8.1
    # via mcp
pymysql==1.1.1
    # via -r requirements.txt
python-dotenv==1.0.1
    # via pydantic-settings
sniffio==1.3.1
    # via anyio
sqlalchemy==2.0.39
    # via -r requirements.txt
sse-starlette==2.2.1
    # via mcp
starlette==0.46.1
    # via
    #   mcp
    #   sse-starlette
typing-extensions==4.12.2
    # via
    #   pydantic
    #   pydantic-core
    #   sqlalchemy
uvicorn==0.34.0
    # via mcp
